
Microsoft Visual Studio Solution File, Format Version 12.00
# Visual Studio Version 17
VisualStudioVersion = 17.3.32922.545
MinimumVisualStudioVersion = 10.0.40219.1
Project("{8BC9CEB8-8B4A-11D0-8D11-00A0C91BC942}") = "Process_scheduler", "Process_scheduler\Process_scheduler.vcxproj", "{E52F9C52-A733-4945-9C6C-E45E86681F4F}"
EndProject
Global
	GlobalSection(SolutionConfigurationPlatforms) = preSolution
		Debug|x64 = Debug|x64
		Debug|x86 = Debug|x86
		Release|x64 = Release|x64
		Release|x86 = Release|x86
	EndGlobalSection
	GlobalSection(ProjectConfigurationPlatforms) = postSolution
		{E52F9C52-A733-4945-9C6C-E45E86681F4F}.Debug|x64.ActiveCfg = Debug|x64
		{E52F9C52-A733-4945-9C6C-E45E86681F4F}.Debug|x64.Build.0 = Debug|x64
		{E52F9C52-A733-4945-9C6C-E45E86681F4F}.Debug|x86.ActiveCfg = Debug|Win32
		{E52F9C52-A733-4945-9C6C-E45E86681F4F}.Debug|x86.Build.0 = Debug|Win32
		{E52F9C52-A733-4945-9C6C-E45E86681F4F}.Release|x64.ActiveCfg = Release|x64
		{E52F9C52-A733-4945-9C6C-E45E86681F4F}.Release|x64.Build.0 = Release|x64
		{E52F9C52-A733-4945-9C6C-E45E86681F4F}.Release|x86.ActiveCfg = Release|Win32
		{E52F9C52-A733-4945-9C6C-E45E86681F4F}.Release|x86.Build.0 = Release|Win32
	EndGlobalSection
	GlobalSection(SolutionProperties) = preSolution
		HideSolutionNode = FALSE
	EndGlobalSection
	GlobalSection(ExtensibilityGlobals) = postSolution
		SolutionGuid = {A6EC7FC9-5D71-469D-BC77-020A8B21E2E0}
	EndGlobalSection
EndGlobal
